
Microsoft Visual Studio Solution File, Format Version 12.00
# Visual Studio Version 17
VisualStudioVersion = 17.11.35222.181
MinimumVisualStudioVersion = 10.0.40219.1
Project("{FAE04EC0-301F-11D3-BF4B-00C04F79EFBC}") = "Chatbot", "Chatbot\Chatbot.csproj", "{6969EE8E-AD1C-4A63-90B7-3087831A2938}"
EndProject
Global
	GlobalSection(SolutionConfigurationPlatforms) = preSolution
		Debug|Any CPU = Debug|Any CPU
		Release|Any CPU = Release|Any CPU
	EndGlobalSection
	GlobalSection(ProjectConfigurationPlatforms) = postSolution
		{6969EE8E-AD1C-4A63-90B7-3087831A2938}.Debug|Any CPU.ActiveCfg = Debug|Any CPU
		{6969EE8E-AD1C-4A63-90B7-3087831A2938}.Debug|Any CPU.Build.0 = Debug|Any CPU
		{6969EE8E-AD1C-4A63-90B7-3087831A2938}.Release|Any CPU.ActiveCfg = Release|Any CPU
		{6969EE8E-AD1C-4A63-90B7-3087831A2938}.Release|Any CPU.Build.0 = Release|Any CPU
	EndGlobalSection
	GlobalSection(SolutionProperties) = preSolution
		HideSolutionNode = FALSE
	EndGlobalSection
	GlobalSection(ExtensibilityGlobals) = postSolution
		SolutionGuid = {FB398726-9F42-439C-AE92-91C139A4BB42}
	EndGlobalSection
EndGlobal
